
Microsoft Visual Studio Solution File, Format Version 12.00
# Visual Studio 14
VisualStudioVersion = 14.0.23107.0
MinimumVisualStudioVersion = 10.0.40219.1
Project("{FAE04EC0-301F-11D3-BF4B-00C04F79EFBC}") = "UnityTalkAndListen", "UnityTalkAndListen.csproj", "{38D82B8F-D524-4A0F-95AD-520725F8EB0B}"
EndProject
Global
	GlobalSection(SolutionConfigurationPlatforms) = preSolution
		Debug|x86 = Debug|x86
		Release|x86 = Release|x86
	EndGlobalSection
	GlobalSection(ProjectConfigurationPlatforms) = postSolution
		{38D82B8F-D524-4A0F-95AD-520725F8EB0B}.Debug|x86.ActiveCfg = Debug|x86
		{38D82B8F-D524-4A0F-95AD-520725F8EB0B}.Debug|x86.Build.0 = Debug|x86
		{38D82B8F-D524-4A0F-95AD-520725F8EB0B}.Release|x86.ActiveCfg = Release|x86
		{38D82B8F-D524-4A0F-95AD-520725F8EB0B}.Release|x86.Build.0 = Release|x86
	EndGlobalSection
	GlobalSection(SolutionProperties) = preSolution
		HideSolutionNode = FALSE
	EndGlobalSection
EndGlobal
